
Microsoft Visual Studio Solution File, Format Version 12.00
# Visual Studio 15
VisualStudioVersion = 15.0.27703.2035
MinimumVisualStudioVersion = 10.0.40219.1
Project("{2150E333-8FDC-42A3-9474-1A3956D46DE8}") = "src", "src", "{CB0416E5-2E7E-4453-BD49-BDBAB5E37F56}"
EndProject
Project("{2150E333-8FDC-42A3-9474-1A3956D46DE8}") = "Framework", "Framework", "{CFA703F2-DA71-4DFA-A191-5FD7F715EEA0}"
EndProject
Project("{2150E333-8FDC-42A3-9474-1A3956D46DE8}") = "Modules", "Modules", "{18B946EA-BDA8-4090-925E-20C20053B6A5}"
EndProject
Project("{2150E333-8FDC-42A3-9474-1A3956D46DE8}") = "test", "test", "{E178AB55-A3B9-47A0-9D09-D26CC772BE36}"
EndProject
Project("{9A19103F-16F7-4668-BE54-9A1E7A4F7556}") = "KYExpress.Core", "src\Framework\KYExpress.Core\KYExpress.Core.csproj", "{B6DB907E-E761-4D56-B267-8085F03E67D6}"
EndProject
Project("{9A19103F-16F7-4668-BE54-9A1E7A4F7556}") = "KYExpress.Dapper", "src\Framework\KYExpress.Dapper\KYExpress.Dapper.csproj", "{753E2D51-FC91-4D8F-AA74-28E5AFD128BA}"
EndProject
Project("{9A19103F-16F7-4668-BE54-9A1E7A4F7556}") = "KYExpress.AspNetCore", "src\KYExpress.AspNetCore\KYExpress.AspNetCore.csproj", "{24384893-658E-44AA-A8DF-E1910D26E2AE}"
EndProject
Project("{9A19103F-16F7-4668-BE54-9A1E7A4F7556}") = "KYExpress.Authentication", "src\Modules\KYExpress.Authentication\KYExpress.Authentication.csproj", "{99848489-11D4-4016-A1D9-972D576BFA59}"
EndProject
Project("{9A19103F-16F7-4668-BE54-9A1E7A4F7556}") = "KYExpress.UnitTest", "test\KYExpress.UnitTest\KYExpress.UnitTest.csproj", "{D2EFDDCD-F271-411F-931E-6C059B37C08B}"
EndProject
Project("{9A19103F-16F7-4668-BE54-9A1E7A4F7556}") = "KYExpress.PDA.Hosting", "src\KYExpress.PDA.Hosting\KYExpress.PDA.Hosting.csproj", "{562304BE-B8FA-4445-B2FB-E9BDA2B2669E}"
EndProject
Project("{FAE04EC0-301F-11D3-BF4B-00C04F79EFBC}") = "KYExpress.ProcessControl", "src\Modules\KYExpress.ProcessControl\KYExpress.ProcessControl.csproj", "{E9164D68-4300-4C39-A01F-43E52CE8D694}"
EndProject
Project("{FAE04EC0-301F-11D3-BF4B-00C04F79EFBC}") = "KYExpress.Transfer", "src\Modules\KYExpress.Transfer\KYExpress.Transfer.csproj", "{3494A798-F811-44A9-ADD2-A90C1485A185}"
EndProject
Global
	GlobalSection(SolutionConfigurationPlatforms) = preSolution
		Debug|Any CPU = Debug|Any CPU
		Release|Any CPU = Release|Any CPU
	EndGlobalSection
	GlobalSection(ProjectConfigurationPlatforms) = postSolution
		{B6DB907E-E761-4D56-B267-8085F03E67D6}.Debug|Any CPU.ActiveCfg = Debug|Any CPU
		{B6DB907E-E761-4D56-B267-8085F03E67D6}.Debug|Any CPU.Build.0 = Debug|Any CPU
		{B6DB907E-E761-4D56-B267-8085F03E67D6}.Release|Any CPU.ActiveCfg = Release|Any CPU
		{B6DB907E-E761-4D56-B267-8085F03E67D6}.Release|Any CPU.Build.0 = Release|Any CPU
		{753E2D51-FC91-4D8F-AA74-28E5AFD128BA}.Debug|Any CPU.ActiveCfg = Debug|Any CPU
		{753E2D51-FC91-4D8F-AA74-28E5AFD128BA}.Debug|Any CPU.Build.0 = Debug|Any CPU
		{753E2D51-FC91-4D8F-AA74-28E5AFD128BA}.Release|Any CPU.ActiveCfg = Release|Any CPU
		{753E2D51-FC91-4D8F-AA74-28E5AFD128BA}.Release|Any CPU.Build.0 = Release|Any CPU
		{24384893-658E-44AA-A8DF-E1910D26E2AE}.Debug|Any CPU.ActiveCfg = Debug|Any CPU
		{24384893-658E-44AA-A8DF-E1910D26E2AE}.Debug|Any CPU.Build.0 = Debug|Any CPU
		{24384893-658E-44AA-A8DF-E1910D26E2AE}.Release|Any CPU.ActiveCfg = Release|Any CPU
		{24384893-658E-44AA-A8DF-E1910D26E2AE}.Release|Any CPU.Build.0 = Release|Any CPU
		{99848489-11D4-4016-A1D9-972D576BFA59}.Debug|Any CPU.ActiveCfg = Debug|Any CPU
		{99848489-11D4-4016-A1D9-972D576BFA59}.Debug|Any CPU.Build.0 = Debug|Any CPU
		{99848489-11D4-4016-A1D9-972D576BFA59}.Release|Any CPU.ActiveCfg = Release|Any CPU
		{99848489-11D4-4016-A1D9-972D576BFA59}.Release|Any CPU.Build.0 = Release|Any CPU
		{D2EFDDCD-F271-411F-931E-6C059B37C08B}.Debug|Any CPU.ActiveCfg = Debug|Any CPU
		{D2EFDDCD-F271-411F-931E-6C059B37C08B}.Debug|Any CPU.Build.0 = Debug|Any CPU
		{D2EFDDCD-F271-411F-931E-6C059B37C08B}.Release|Any CPU.ActiveCfg = Release|Any CPU
		{D2EFDDCD-F271-411F-931E-6C059B37C08B}.Release|Any CPU.Build.0 = Release|Any CPU
		{562304BE-B8FA-4445-B2FB-E9BDA2B2669E}.Debug|Any CPU.ActiveCfg = Debug|Any CPU
		{562304BE-B8FA-4445-B2FB-E9BDA2B2669E}.Debug|Any CPU.Build.0 = Debug|Any CPU
		{562304BE-B8FA-4445-B2FB-E9BDA2B2669E}.Release|Any CPU.ActiveCfg = Release|Any CPU
		{562304BE-B8FA-4445-B2FB-E9BDA2B2669E}.Release|Any CPU.Build.0 = Release|Any CPU
		{E9164D68-4300-4C39-A01F-43E52CE8D694}.Debug|Any CPU.ActiveCfg = Debug|Any CPU
		{E9164D68-4300-4C39-A01F-43E52CE8D694}.Debug|Any CPU.Build.0 = Debug|Any CPU
		{E9164D68-4300-4C39-A01F-43E52CE8D694}.Release|Any CPU.ActiveCfg = Release|Any CPU
		{E9164D68-4300-4C39-A01F-43E52CE8D694}.Release|Any CPU.Build.0 = Release|Any CPU
		{3494A798-F811-44A9-ADD2-A90C1485A185}.Debug|Any CPU.ActiveCfg = Debug|Any CPU
		{3494A798-F811-44A9-ADD2-A90C1485A185}.Debug|Any CPU.Build.0 = Debug|Any CPU
		{3494A798-F811-44A9-ADD2-A90C1485A185}.Release|Any CPU.ActiveCfg = Release|Any CPU
		{3494A798-F811-44A9-ADD2-A90C1485A185}.Release|Any CPU.Build.0 = Release|Any CPU
	EndGlobalSection
	GlobalSection(SolutionProperties) = preSolution
		HideSolutionNode = FALSE
	EndGlobalSection
	GlobalSection(NestedProjects) = preSolution
		{CFA703F2-DA71-4DFA-A191-5FD7F715EEA0} = {CB0416E5-2E7E-4453-BD49-BDBAB5E37F56}
		{18B946EA-BDA8-4090-925E-20C20053B6A5} = {CB0416E5-2E7E-4453-BD49-BDBAB5E37F56}
		{B6DB907E-E761-4D56-B267-8085F03E67D6} = {CFA703F2-DA71-4DFA-A191-5FD7F715EEA0}
		{753E2D51-FC91-4D8F-AA74-28E5AFD128BA} = {CFA703F2-DA71-4DFA-A191-5FD7F715EEA0}
		{24384893-658E-44AA-A8DF-E1910D26E2AE} = {CB0416E5-2E7E-4453-BD49-BDBAB5E37F56}
		{99848489-11D4-4016-A1D9-972D576BFA59} = {18B946EA-BDA8-4090-925E-20C20053B6A5}
		{D2EFDDCD-F271-411F-931E-6C059B37C08B} = {E178AB55-A3B9-47A0-9D09-D26CC772BE36}
		{562304BE-B8FA-4445-B2FB-E9BDA2B2669E} = {CB0416E5-2E7E-4453-BD49-BDBAB5E37F56}
		{E9164D68-4300-4C39-A01F-43E52CE8D694} = {18B946EA-BDA8-4090-925E-20C20053B6A5}
		{3494A798-F811-44A9-ADD2-A90C1485A185} = {18B946EA-BDA8-4090-925E-20C20053B6A5}
	EndGlobalSection
	GlobalSection(ExtensibilityGlobals) = postSolution
		SolutionGuid = {65C3E3A6-7F73-48C1-97C0-B4FF0513A8C9}
	EndGlobalSection
EndGlobal
